
Microsoft Visual Studio Solution File, Format Version 12.00
# Visual Studio 14
VisualStudioVersion = 14.0.25420.1
MinimumVisualStudioVersion = 10.0.40219.1
Project("{8BC9CEB8-8B4A-11D0-8D11-00A0C91BC942}") = "ImgBite", "ImgBite\ImgBite.vcxproj", "{7C08CBD3-ECBC-4887-A55E-5494DAD99B4E}"
EndProject
Project("{8BC9CEB8-8B4A-11D0-8D11-00A0C91BC942}") = "UnitTest", "UnitTest\UnitTest.vcxproj", "{97216516-65D2-4A1B-9AAE-05446A2B907C}"
	ProjectSection(ProjectDependencies) = postProject
		{7C08CBD3-ECBC-4887-A55E-5494DAD99B4E} = {7C08CBD3-ECBC-4887-A55E-5494DAD99B4E}
	EndProjectSection
EndProject
Project("{8BC9CEB8-8B4A-11D0-8D11-00A0C91BC942}") = "PaintTest", "PaintTest\PaintTest.vcxproj", "{DFF15CDD-2B31-42F8-8F7D-C437D9D90B6D}"
	ProjectSection(ProjectDependencies) = postProject
		{7C08CBD3-ECBC-4887-A55E-5494DAD99B4E} = {7C08CBD3-ECBC-4887-A55E-5494DAD99B4E}
	EndProjectSection
EndProject
Project("{8BC9CEB8-8B4A-11D0-8D11-00A0C91BC942}") = "PerformanceTest", "PerformanceTest\PerformanceTest.vcxproj", "{33CE3AFB-5B13-41EC-B390-3A41884AC6F4}"
	ProjectSection(ProjectDependencies) = postProject
		{7C08CBD3-ECBC-4887-A55E-5494DAD99B4E} = {7C08CBD3-ECBC-4887-A55E-5494DAD99B4E}
	EndProjectSection
EndProject
Global
	GlobalSection(SolutionConfigurationPlatforms) = preSolution
		Debug|x64 = Debug|x64
		Debug|x86 = Debug|x86
		Release|x64 = Release|x64
		Release|x86 = Release|x86
	EndGlobalSection
	GlobalSection(ProjectConfigurationPlatforms) = postSolution
		{7C08CBD3-ECBC-4887-A55E-5494DAD99B4E}.Debug|x64.ActiveCfg = Debug|x64
		{7C08CBD3-ECBC-4887-A55E-5494DAD99B4E}.Debug|x64.Build.0 = Debug|x64
		{7C08CBD3-ECBC-4887-A55E-5494DAD99B4E}.Debug|x86.ActiveCfg = Debug|Win32
		{7C08CBD3-ECBC-4887-A55E-5494DAD99B4E}.Debug|x86.Build.0 = Debug|Win32
		{7C08CBD3-ECBC-4887-A55E-5494DAD99B4E}.Release|x64.ActiveCfg = Release|x64
		{7C08CBD3-ECBC-4887-A55E-5494DAD99B4E}.Release|x64.Build.0 = Release|x64
		{7C08CBD3-ECBC-4887-A55E-5494DAD99B4E}.Release|x86.ActiveCfg = Release|Win32
		{7C08CBD3-ECBC-4887-A55E-5494DAD99B4E}.Release|x86.Build.0 = Release|Win32
		{97216516-65D2-4A1B-9AAE-05446A2B907C}.Debug|x64.ActiveCfg = Debug|x64
		{97216516-65D2-4A1B-9AAE-05446A2B907C}.Debug|x64.Build.0 = Debug|x64
		{97216516-65D2-4A1B-9AAE-05446A2B907C}.Debug|x86.ActiveCfg = Debug|Win32
		{97216516-65D2-4A1B-9AAE-05446A2B907C}.Debug|x86.Build.0 = Debug|Win32
		{97216516-65D2-4A1B-9AAE-05446A2B907C}.Release|x64.ActiveCfg = Release|x64
		{97216516-65D2-4A1B-9AAE-05446A2B907C}.Release|x64.Build.0 = Release|x64
		{97216516-65D2-4A1B-9AAE-05446A2B907C}.Release|x86.ActiveCfg = Release|Win32
		{97216516-65D2-4A1B-9AAE-05446A2B907C}.Release|x86.Build.0 = Release|Win32
		{DFF15CDD-2B31-42F8-8F7D-C437D9D90B6D}.Debug|x64.ActiveCfg = Debug|x64
		{DFF15CDD-2B31-42F8-8F7D-C437D9D90B6D}.Debug|x64.Build.0 = Debug|x64
		{DFF15CDD-2B31-42F8-8F7D-C437D9D90B6D}.Debug|x86.ActiveCfg = Debug|Win32
		{DFF15CDD-2B31-42F8-8F7D-C437D9D90B6D}.Debug|x86.Build.0 = Debug|Win32
		{DFF15CDD-2B31-42F8-8F7D-C437D9D90B6D}.Release|x64.ActiveCfg = Release|x64
		{DFF15CDD-2B31-42F8-8F7D-C437D9D90B6D}.Release|x64.Build.0 = Release|x64
		{DFF15CDD-2B31-42F8-8F7D-C437D9D90B6D}.Release|x86.ActiveCfg = Release|Win32
		{DFF15CDD-2B31-42F8-8F7D-C437D9D90B6D}.Release|x86.Build.0 = Release|Win32
		{33CE3AFB-5B13-41EC-B390-3A41884AC6F4}.Debug|x64.ActiveCfg = Debug|x64
		{33CE3AFB-5B13-41EC-B390-3A41884AC6F4}.Debug|x64.Build.0 = Debug|x64
		{33CE3AFB-5B13-41EC-B390-3A41884AC6F4}.Debug|x86.ActiveCfg = Debug|Win32
		{33CE3AFB-5B13-41EC-B390-3A41884AC6F4}.Debug|x86.Build.0 = Debug|Win32
		{33CE3AFB-5B13-41EC-B390-3A41884AC6F4}.Release|x64.ActiveCfg = Release|x64
		{33CE3AFB-5B13-41EC-B390-3A41884AC6F4}.Release|x64.Build.0 = Release|x64
		{33CE3AFB-5B13-41EC-B390-3A41884AC6F4}.Release|x86.ActiveCfg = Release|Win32
		{33CE3AFB-5B13-41EC-B390-3A41884AC6F4}.Release|x86.Build.0 = Release|Win32
	EndGlobalSection
	GlobalSection(SolutionProperties) = preSolution
		HideSolutionNode = FALSE
	EndGlobalSection
EndGlobal
